// !$*UTF8*$!
{
	archiveVersion = 1;
	classes = {
	};
	objectVersion = 46;
	objects = {

/* Begin PBXBuildFile section */
		7A0FD32C1E135BE9001616D8 /* SAConfettiView.swift in Sources */ = {isa = PBXBuildFile; fileRef = 7A0FD32B1E135BE9001616D8 /* SAConfettiView.swift */; };
		7A0FD32E1E135D66001616D8 /* ThankYouViewController.swift in Sources */ = {isa = PBXBuildFile; fileRef = 7A0FD32D1E135D66001616D8 /* ThankYouViewController.swift */; };
		7A0FD3301E13648C001616D8 /* confetti.png in Resources */ = {isa = PBXBuildFile; fileRef = 7A0FD32F1E13648C001616D8 /* confetti.png */; };
		7A4874971E0EF30E00394651 /* AppDelegate.swift in Sources */ = {isa = PBXBuildFile; fileRef = 7A4874961E0EF30E00394651 /* AppDelegate.swift */; };
		7A4874991E0EF30E00394651 /* ViewController.swift in Sources */ = {isa = PBXBuildFile; fileRef = 7A4874981E0EF30E00394651 /* ViewController.swift */; };
		7A48749C1E0EF30E00394651 /* Main.storyboard in Resources */ = {isa = PBXBuildFile; fileRef = 7A48749A1E0EF30E00394651 /* Main.storyboard */; };
		7A48749E1E0EF30E00394651 /* Assets.xcassets in Resources */ = {isa = PBXBuildFile; fileRef = 7A48749D1E0EF30E00394651 /* Assets.xcassets */; };
		7A4874A11E0EF30E00394651 /* LaunchScreen.storyboard in Resources */ = {isa = PBXBuildFile; fileRef = 7A48749F1E0EF30E00394651 /* LaunchScreen.storyboard */; };
		7A4874AB1E0F556E00394651 /* Picture.swift in Sources */ = {isa = PBXBuildFile; fileRef = 7A4874AA1E0F556E00394651 /* Picture.swift */; };
		7A4874AD1E0F57CF00394651 /* PictureTableViewCell.swift in Sources */ = {isa = PBXBuildFile; fileRef = 7A4874AC1E0F57CF00394651 /* PictureTableViewCell.swift */; };
		7A4874AF1E0F71FD00394651 /* PictureDetailViewController.swift in Sources */ = {isa = PBXBuildFile; fileRef = 7A4874AE1E0F71FD00394651 /* PictureDetailViewController.swift */; };
		7A4874B31E12075D00394651 /* PassKit.framework in Frameworks */ = {isa = PBXBuildFile; fileRef = 7A4874B21E12075D00394651 /* PassKit.framework */; };
/* End PBXBuildFile section */

/* Begin PBXFileReference section */
		7A0FD32B1E135BE9001616D8 /* SAConfettiView.swift */ = {isa = PBXFileReference; fileEncoding = 4; lastKnownFileType = sourcecode.swift; path = SAConfettiView.swift; sourceTree = "<group>"; };
		7A0FD32D1E135D66001616D8 /* ThankYouViewController.swift */ = {isa = PBXFileReference; fileEncoding = 4; lastKnownFileType = sourcecode.swift; path = ThankYouViewController.swift; sourceTree = "<group>"; };
		7A0FD32F1E13648C001616D8 /* confetti.png */ = {isa = PBXFileReference; lastKnownFileType = image.png; path = confetti.png; sourceTree = "<group>"; };
		7A4874931E0EF30E00394651 /* StickerCove.app */ = {isa = PBXFileReference; explicitFileType = wrapper.application; includeInIndex = 0; path = StickerCove.app; sourceTree = BUILT_PRODUCTS_DIR; };
		7A4874961E0EF30E00394651 /* AppDelegate.swift */ = {isa = PBXFileReference; lastKnownFileType = sourcecode.swift; path = AppDelegate.swift; sourceTree = "<group>"; };
		7A4874981E0EF30E00394651 /* ViewController.swift */ = {isa = PBXFileReference; lastKnownFileType = sourcecode.swift; path = ViewController.swift; sourceTree = "<group>"; };
		7A48749B1E0EF30E00394651 /* Base */ = {isa = PBXFileReference; lastKnownFileType = file.storyboard; name = Base; path = Base.lproj/Main.storyboard; sourceTree = "<group>"; };
		7A48749D1E0EF30E00394651 /* Assets.xcassets */ = {isa = PBXFileReference; lastKnownFileType = folder.assetcatalog; path = Assets.xcassets; sourceTree = "<group>"; };
		7A4874A01E0EF30E00394651 /* Base */ = {isa = PBXFileReference; lastKnownFileType = file.storyboard; name = Base; path = Base.lproj/LaunchScreen.storyboard; sourceTree = "<group>"; };
		7A4874A21E0EF30E00394651 /* Info.plist */ = {isa = PBXFileReference; lastKnownFileType = text.plist.xml; path = Info.plist; sourceTree = "<group>"; };
		7A4874AA1E0F556E00394651 /* Picture.swift */ = {isa = PBXFileReference; fileEncoding = 4; lastKnownFileType = sourcecode.swift; path = Picture.swift; sourceTree = "<group>"; };
		7A4874AC1E0F57CF00394651 /* PictureTableViewCell.swift */ = {isa = PBXFileReference; fileEncoding = 4; lastKnownFileType = sourcecode.swift; path = PictureTableViewCell.swift; sourceTree = "<group>"; };
		7A4874AE1E0F71FD00394651 /* PictureDetailViewController.swift */ = {isa = PBXFileReference; fileEncoding = 4; lastKnownFileType = sourcecode.swift; path = PictureDetailViewController.swift; sourceTree = "<group>"; };
		7A4874B01E0FA6ED00394651 /* StickerCove.entitlements */ = {isa = PBXFileReference; lastKnownFileType = text.plist.entitlements; path = StickerCove.entitlements; sourceTree = "<group>"; };
		7A4874B21E12075D00394651 /* PassKit.framework */ = {isa = PBXFileReference; lastKnownFileType = wrapper.framework; name = PassKit.framework; path = System/Library/Frameworks/PassKit.framework; sourceTree = SDKROOT; };
/* End PBXFileReference section */

/* Begin PBXFrameworksBuildPhase section */
		7A4874901E0EF30600394651 /* Frameworks */ = {
			isa = PBXFrameworksBuildPhase;
			buildActionMask = 2147483647;
			files = (
				7A4874B31E12075D00394651 /* PassKit.framework in Frameworks */,
			);
			runOnlyForDeploymentPostprocessing = 0;
		};
/* End PBXFrameworksBuildPhase section */

/* Begin PBXGroup section */
		7A48748A1E0EF30600394651 = {
			isa = PBXGroup;
			children = (
				7A4874951E0EF30E00394651 /* StickerCove */,
				7A4874941E0EF30E00394651 /* Products */,
				7A4874B11E12075D00394651 /* Frameworks */,
			);
			sourceTree = "<group>";
		};
		7A4874941E0EF30E00394651 /* Products */ = {
			isa = PBXGroup;
			children = (
				7A4874931E0EF30E00394651 /* StickerCove.app */,
			);
			name = Products;
			sourceTree = "<group>";
		};
		7A4874951E0EF30E00394651 /* StickerCove */ = {
			isa = PBXGroup;
			children = (
				7A4874B01E0FA6ED00394651 /* StickerCove.entitlements */,
				7A4874961E0EF30E00394651 /* AppDelegate.swift */,
				7A0FD32B1E135BE9001616D8 /* SAConfettiView.swift */,
				7A4874981E0EF30E00394651 /* ViewController.swift */,
				7A0FD32D1E135D66001616D8 /* ThankYouViewController.swift */,
				7A4874AC1E0F57CF00394651 /* PictureTableViewCell.swift */,
				7A4874AE1E0F71FD00394651 /* PictureDetailViewController.swift */,
				7A4874AA1E0F556E00394651 /* Picture.swift */,
				7A48749A1E0EF30E00394651 /* Main.storyboard */,
				7A48749D1E0EF30E00394651 /* Assets.xcassets */,
				7A0FD32F1E13648C001616D8 /* confetti.png */,
				7A48749F1E0EF30E00394651 /* LaunchScreen.storyboard */,
				7A4874A21E0EF30E00394651 /* Info.plist */,
			);
			path = StickerCove;
			sourceTree = "<group>";
		};
		7A4874B11E12075D00394651 /* Frameworks */ = {
			isa = PBXGroup;
			children = (
				7A4874B21E12075D00394651 /* PassKit.framework */,
			);
			name = Frameworks;
			sourceTree = "<group>";
		};
/* End PBXGroup section */

/* Begin PBXNativeTarget section */
		7A4874921E0EF30600394651 /* StickerCove */ = {
			isa = PBXNativeTarget;
			buildConfigurationList = 7A4874A51E0EF30E00394651 /* Build configuration list for PBXNativeTarget "StickerCove" */;
			buildPhases = (
				7A48748F1E0EF30600394651 /* Sources */,
				7A4874901E0EF30600394651 /* Frameworks */,
				7A4874911E0EF30600394651 /* Resources */,
			);
			buildRules = (
			);
			dependencies = (
			);
			name = StickerCove;
			productName = StickerCove;
			productReference = 7A4874931E0EF30E00394651 /* StickerCove.app */;
			productType = "com.apple.product-type.application";
		};
/* End PBXNativeTarget section */

/* Begin PBXProject section */
		7A48748B1E0EF30600394651 /* Project object */ = {
			isa = PBXProject;
			attributes = {
				LastSwiftUpdateCheck = 0820;
				LastUpgradeCheck = 0820;
				ORGANIZATIONNAME = "Red Raven Computing Studios";
				TargetAttributes = {
					7A4874921E0EF30600394651 = {
						CreatedOnToolsVersion = 8.2.1;
						DevelopmentTeam = V3GFNATBC5;
						ProvisioningStyle = Automatic;
						SystemCapabilities = {
							com.apple.ApplePay = {
								enabled = 1;
							};
							com.apple.Wallet = {
								enabled = 1;
							};
						};
					};
				};
			};
			buildConfigurationList = 7A48748E1E0EF30600394651 /* Build configuration list for PBXProject "StickerCove" */;
			compatibilityVersion = "Xcode 3.2";
			developmentRegion = English;
			hasScannedForEncodings = 0;
			knownRegions = (
				en,
				Base,
			);
			mainGroup = 7A48748A1E0EF30600394651;
			productRefGroup = 7A4874941E0EF30E00394651 /* Products */;
			projectDirPath = "";
			projectRoot = "";
			targets = (
				7A4874921E0EF30600394651 /* StickerCove */,
			);
		};
/* End PBXProject section */

/* Begin PBXResourcesBuildPhase section */
		7A4874911E0EF30600394651 /* Resources */ = {
			isa = PBXResourcesBuildPhase;
			buildActionMask = 2147483647;
			files = (
				7A4874A11E0EF30E00394651 /* LaunchScreen.storyboard in Resources */,
				7A48749E1E0EF30E00394651 /* Assets.xcassets in Resources */,
				7A48749C1E0EF30E00394651 /* Main.storyboard in Resources */,
				7A0FD3301E13648C001616D8 /* confetti.png in Resources */,
			);
			runOnlyForDeploymentPostprocessing = 0;
		};
/* End PBXResourcesBuildPhase section */

/* Begin PBXSourcesBuildPhase section */
		7A48748F1E0EF30600394651 /* Sources */ = {
			isa = PBXSourcesBuildPhase;
			buildActionMask = 2147483647;
			files = (
				7A4874AF1E0F71FD00394651 /* PictureDetailViewController.swift in Sources */,
				7A4874AD1E0F57CF00394651 /* PictureTableViewCell.swift in Sources */,
				7A0FD32C1E135BE9001616D8 /* SAConfettiView.swift in Sources */,
				7A0FD32E1E135D66001616D8 /* ThankYouViewController.swift in Sources */,
				7A4874AB1E0F556E00394651 /* Picture.swift in Sources */,
				7A4874991E0EF30E00394651 /* ViewController.swift in Sources */,
				7A4874971E0EF30E00394651 /* AppDelegate.swift in Sources */,
			);
			runOnlyForDeploymentPostprocessing = 0;
		};
/* End PBXSourcesBuildPhase section */

/* Begin PBXVariantGroup section */
		7A48749A1E0EF30E00394651 /* Main.storyboard */ = {
			isa = PBXVariantGroup;
			children = (
				7A48749B1E0EF30E00394651 /* Base */,
			);
			name = Main.storyboard;
			sourceTree = "<group>";
		};
		7A48749F1E0EF30E00394651 /* LaunchScreen.storyboard */ = {
			isa = PBXVariantGroup;
			children = (
				7A4874A01E0EF30E00394651 /* Base */,
			);
			name = LaunchScreen.storyboard;
			sourceTree = "<group>";
		};
/* End PBXVariantGroup section */

/* Begin XCBuildConfiguration section */
		7A4874A31E0EF30E00394651 /* Debug */ = {
			isa = XCBuildConfiguration;
			buildSettings = {
				ALWAYS_SEARCH_USER_PATHS = NO;
				CLANG_ANALYZER_NONNULL = YES;
				CLANG_CXX_LANGUAGE_STANDARD = "gnu++0x";
				CLANG_CXX_LIBRARY = "libc++";
				CLANG_ENABLE_MODULES = YES;
				CLANG_ENABLE_OBJC_ARC = YES;
				CLANG_WARN_BOOL_CONVERSION = YES;
				CLANG_WARN_CONSTANT_CONVERSION = YES;
				CLANG_WARN_DIRECT_OBJC_ISA_USAGE = YES_ERROR;
				CLANG_WARN_DOCUMENTATION_COMMENTS = YES;
				CLANG_WARN_EMPTY_BODY = YES;
				CLANG_WARN_ENUM_CONVERSION = YES;
				CLANG_WARN_INFINITE_RECURSION = YES;
				CLANG_WARN_INT_CONVERSION = YES;
				CLANG_WARN_OBJC_ROOT_CLASS = YES_ERROR;
				CLANG_WARN_SUSPICIOUS_MOVE = YES;
				CLANG_WARN_UNREACHABLE_CODE = YES;
				CLANG_WARN__DUPLICATE_METHOD_MATCH = YES;
				"CODE_SIGN_IDENTITY[sdk=iphoneos*]" = "iPhone Developer";
				COPY_PHASE_STRIP = NO;
				DEBUG_INFORMATION_FORMAT = dwarf;
				ENABLE_STRICT_OBJC_MSGSEND = YES;
				ENABLE_TESTABILITY = YES;
				GCC_C_LANGUAGE_STANDARD = gnu99;
				GCC_DYNAMIC_NO_PIC = NO;
				GCC_NO_COMMON_BLOCKS = YES;
				GCC_OPTIMIZATION_LEVEL = 0;
				GCC_PREPROCESSOR_DEFINITIONS = (
					"DEBUG=1",
					"$(inherited)",
				);
				GCC_WARN_64_TO_32_BIT_CONVERSION = YES;
				GCC_WARN_ABOUT_RETURN_TYPE = YES_ERROR;
				GCC_WARN_UNDECLARED_SELECTOR = YES;
				GCC_WARN_UNINITIALIZED_AUTOS = YES_AGGRESSIVE;
				GCC_WARN_UNUSED_FUNCTION = YES;
				GCC_WARN_UNUSED_VARIABLE = YES;
				IPHONEOS_DEPLOYMENT_TARGET = 10.2;
				MTL_ENABLE_DEBUG_INFO = YES;
				ONLY_ACTIVE_ARCH = YES;
				SDKROOT = iphoneos;
				SWIFT_ACTIVE_COMPILATION_CONDITIONS = DEBUG;
				SWIFT_OPTIMIZATION_LEVEL = "-Onone";
				TARGETED_DEVICE_FAMILY = "1,2";
			};
			name = Debug;
		};
		7A4874A41E0EF30E00394651 /* Release */ = {
			isa = XCBuildConfiguration;
			buildSettings = {
				ALWAYS_SEARCH_USER_PATHS = NO;
				CLANG_ANALYZER_NONNULL = YES;
				CLANG_CXX_LANGUAGE_STANDARD = "gnu++0x";
				CLANG_CXX_LIBRARY = "libc++";
				CLANG_ENABLE_MODULES = YES;
				CLANG_ENABLE_OBJC_ARC = YES;
				CLANG_WARN_BOOL_CONVERSION = YES;
				CLANG_WARN_CONSTANT_CONVERSION = YES;
				CLANG_WARN_DIRECT_OBJC_ISA_USAGE = YES_ERROR;
				CLANG_WARN_DOCUMENTATION_COMMENTS = YES;
				CLANG_WARN_EMPTY_BODY = YES;
				CLANG_WARN_ENUM_CONVERSION = YES;
				CLANG_WARN_INFINITE_RECURSION = YES;
				CLANG_WARN_INT_CONVERSION = YES;
				CLANG_WARN_OBJC_ROOT_CLASS = YES_ERROR;
				CLANG_WARN_SUSPICIOUS_MOVE = YES;
				CLANG_WARN_UNREACHABLE_CODE = YES;
				CLANG_WARN__DUPLICATE_METHOD_MATCH = YES;
				"CODE_SIGN_IDENTITY[sdk=iphoneos*]" = "iPhone Developer";
				COPY_PHASE_STRIP = NO;
				DEBUG_INFORMATION_FORMAT = "dwarf-with-dsym";
				ENABLE_NS_ASSERTIONS = NO;
				ENABLE_STRICT_OBJC_MSGSEND = YES;
				GCC_C_LANGUAGE_STANDARD = gnu99;
				GCC_NO_COMMON_BLOCKS = YES;
				GCC_WARN_64_TO_32_BIT_CONVERSION = YES;
				GCC_WARN_ABOUT_RETURN_TYPE = YES_ERROR;
				GCC_WARN_UNDECLARED_SELECTOR = YES;
				GCC_WARN_UNINITIALIZED_AUTOS = YES_AGGRESSIVE;
				GCC_WARN_UNUSED_FUNCTION = YES;
				GCC_WARN_UNUSED_VARIABLE = YES;
				IPHONEOS_DEPLOYMENT_TARGET = 10.2;
				MTL_ENABLE_DEBUG_INFO = NO;
				SDKROOT = iphoneos;
				SWIFT_OPTIMIZATION_LEVEL = "-Owholemodule";
				TARGETED_DEVICE_FAMILY = "1,2";
				VALIDATE_PRODUCT = YES;
			};
			name = Release;
		};
		7A4874A61E0EF30E00394651 /* Debug */ = {
			isa = XCBuildConfiguration;
			buildSettings = {
				ASSETCATALOG_COMPILER_APPICON_NAME = AppIcon;
				CODE_SIGN_ENTITLEMENTS = StickerCove/StickerCove.entitlements;
				DEVELOPMENT_TEAM = V3GFNATBC5;
				INFOPLIST_FILE = StickerCove/Info.plist;
				LD_RUNPATH_SEARCH_PATHS = "$(inherited) @executable_path/Frameworks";
				PRODUCT_BUNDLE_IDENTIFIER = com.redravencomputing.StickerCove;
				PRODUCT_NAME = "$(TARGET_NAME)";
				SWIFT_VERSION = 3.0;
			};
			name = Debug;
		};
		7A4874A71E0EF30E00394651 /* Release */ = {
			isa = XCBuildConfiguration;
			buildSettings = {
				ASSETCATALOG_COMPILER_APPICON_NAME = AppIcon;
				CODE_SIGN_ENTITLEMENTS = StickerCove/StickerCove.entitlements;
				DEVELOPMENT_TEAM = V3GFNATBC5;
				INFOPLIST_FILE = StickerCove/Info.plist;
				LD_RUNPATH_SEARCH_PATHS = "$(inherited) @executable_path/Frameworks";
				PRODUCT_BUNDLE_IDENTIFIER = com.redravencomputing.StickerCove;
				PRODUCT_NAME = "$(TARGET_NAME)";
				SWIFT_VERSION = 3.0;
			};
			name = Release;
		};
/* End XCBuildConfiguration section */

/* Begin XCConfigurationList section */
		7A48748E1E0EF30600394651 /* Build configuration list for PBXProject "StickerCove" */ = {
			isa = XCConfigurationList;
			buildConfigurations = (
				7A4874A31E0EF30E00394651 /* Debug */,
				7A4874A41E0EF30E00394651 /* Release */,
			);
			defaultConfigurationIsVisible = 0;
			defaultConfigurationName = Release;
		};
		7A4874A51E0EF30E00394651 /* Build configuration list for PBXNativeTarget "StickerCove" */ = {
			isa = XCConfigurationList;
			buildConfigurations = (
				7A4874A61E0EF30E00394651 /* Debug */,
				7A4874A71E0EF30E00394651 /* Release */,
			);
			defaultConfigurationIsVisible = 0;
			defaultConfigurationName = Release;
		};
/* End XCConfigurationList section */
	};
	rootObject = 7A48748B1E0EF30600394651 /* Project object */;
}
